
Microsoft Visual Studio Solution File, Format Version 12.00
# Visual Studio Version 16
VisualStudioVersion = 16.0.29123.89
MinimumVisualStudioVersion = 10.0.40219.1
Project("{FAE04EC0-301F-11D3-BF4B-00C04F79EFBC}") = "BackpackingBudget", "BackpackingBudget\BackpackingBudget.csproj", "{5B508562-519D-40F6-83FC-37D83207061A}"
EndProject
Global
	GlobalSection(SolutionConfigurationPlatforms) = preSolution
		Debug|Any CPU = Debug|Any CPU
		Release|Any CPU = Release|Any CPU
	EndGlobalSection
	GlobalSection(ProjectConfigurationPlatforms) = postSolution
		{5B508562-519D-40F6-83FC-37D83207061A}.Debug|Any CPU.ActiveCfg = Debug|Any CPU
		{5B508562-519D-40F6-83FC-37D83207061A}.Debug|Any CPU.Build.0 = Debug|Any CPU
		{5B508562-519D-40F6-83FC-37D83207061A}.Release|Any CPU.ActiveCfg = Release|Any CPU
		{5B508562-519D-40F6-83FC-37D83207061A}.Release|Any CPU.Build.0 = Release|Any CPU
	EndGlobalSection
	GlobalSection(SolutionProperties) = preSolution
		HideSolutionNode = FALSE
	EndGlobalSection
	GlobalSection(ExtensibilityGlobals) = postSolution
		SolutionGuid = {E60CC018-8B05-4CC9-9DB8-06AA84E90D5F}
	EndGlobalSection
EndGlobal
